
Microsoft Visual Studio Solution File, Format Version 12.00
# Visual Studio Version 17
VisualStudioVersion = 17.4.33205.214
MinimumVisualStudioVersion = 10.0.40219.1
Project("{FAE04EC0-301F-11D3-BF4B-00C04F79EFBC}") = "tarea", "tarea\tarea.csproj", "{050D65FA-0143-4036-9A17-3B6A326D4576}"
EndProject
Global
	GlobalSection(SolutionConfigurationPlatforms) = preSolution
		Debug|Any CPU = Debug|Any CPU
		Release|Any CPU = Release|Any CPU
	EndGlobalSection
	GlobalSection(ProjectConfigurationPlatforms) = postSolution
		{050D65FA-0143-4036-9A17-3B6A326D4576}.Debug|Any CPU.ActiveCfg = Debug|Any CPU
		{050D65FA-0143-4036-9A17-3B6A326D4576}.Debug|Any CPU.Build.0 = Debug|Any CPU
		{050D65FA-0143-4036-9A17-3B6A326D4576}.Release|Any CPU.ActiveCfg = Release|Any CPU
		{050D65FA-0143-4036-9A17-3B6A326D4576}.Release|Any CPU.Build.0 = Release|Any CPU
	EndGlobalSection
	GlobalSection(SolutionProperties) = preSolution
		HideSolutionNode = FALSE
	EndGlobalSection
	GlobalSection(ExtensibilityGlobals) = postSolution
		SolutionGuid = {857CD2CB-80F4-488D-BB5E-19C8C181A107}
	EndGlobalSection
EndGlobal
